
Microsoft Visual Studio Solution File, Format Version 12.00
# Visual Studio Version 16
VisualStudioVersion = 16.0.28922.388
MinimumVisualStudioVersion = 10.0.40219.1
Project("{FAE04EC0-301F-11D3-BF4B-00C04F79EFBC}") = "6__A. String Task", "6__A. String Task.csproj", "{176505B0-E458-43DF-919F-DE4243D832FF}"
EndProject
Global
	GlobalSection(SolutionConfigurationPlatforms) = preSolution
		Debug|Any CPU = Debug|Any CPU
		Release|Any CPU = Release|Any CPU
	EndGlobalSection
	GlobalSection(ProjectConfigurationPlatforms) = postSolution
		{176505B0-E458-43DF-919F-DE4243D832FF}.Debug|Any CPU.ActiveCfg = Debug|Any CPU
		{176505B0-E458-43DF-919F-DE4243D832FF}.Debug|Any CPU.Build.0 = Debug|Any CPU
		{176505B0-E458-43DF-919F-DE4243D832FF}.Release|Any CPU.ActiveCfg = Release|Any CPU
		{176505B0-E458-43DF-919F-DE4243D832FF}.Release|Any CPU.Build.0 = Release|Any CPU
	EndGlobalSection
	GlobalSection(SolutionProperties) = preSolution
		HideSolutionNode = FALSE
	EndGlobalSection
	GlobalSection(ExtensibilityGlobals) = postSolution
		SolutionGuid = {2950B3DC-13E3-4382-A9BB-D702E40A8B81}
	EndGlobalSection
EndGlobal
