
Microsoft Visual Studio Solution File, Format Version 12.00
# Visual Studio Version 16
VisualStudioVersion = 16.0.30320.27
MinimumVisualStudioVersion = 10.0.40219.1
Project("{FAE04EC0-301F-11D3-BF4B-00C04F79EFBC}") = "13__A. Football", "13__A. Football.csproj", "{7F95FC57-DEF8-4F6F-BB08-D7812D33FFFE}"
EndProject
Global
	GlobalSection(SolutionConfigurationPlatforms) = preSolution
		Debug|Any CPU = Debug|Any CPU
		Release|Any CPU = Release|Any CPU
	EndGlobalSection
	GlobalSection(ProjectConfigurationPlatforms) = postSolution
		{7F95FC57-DEF8-4F6F-BB08-D7812D33FFFE}.Debug|Any CPU.ActiveCfg = Debug|Any CPU
		{7F95FC57-DEF8-4F6F-BB08-D7812D33FFFE}.Debug|Any CPU.Build.0 = Debug|Any CPU
		{7F95FC57-DEF8-4F6F-BB08-D7812D33FFFE}.Release|Any CPU.ActiveCfg = Release|Any CPU
		{7F95FC57-DEF8-4F6F-BB08-D7812D33FFFE}.Release|Any CPU.Build.0 = Release|Any CPU
	EndGlobalSection
	GlobalSection(SolutionProperties) = preSolution
		HideSolutionNode = FALSE
	EndGlobalSection
	GlobalSection(ExtensibilityGlobals) = postSolution
		SolutionGuid = {3404FA54-C004-47F2-968D-4EE30C9B69E1}
	EndGlobalSection
EndGlobal
