
Microsoft Visual Studio Solution File, Format Version 12.00
# Visual Studio Version 16
VisualStudioVersion = 16.0.28922.388
MinimumVisualStudioVersion = 10.0.40219.1
Project("{FAE04EC0-301F-11D3-BF4B-00C04F79EFBC}") = "8__A. Bit++", "8__A. Bit++.csproj", "{61821AE2-75C7-42E6-A61E-DA597A66DB8A}"
EndProject
Global
	GlobalSection(SolutionConfigurationPlatforms) = preSolution
		Debug|Any CPU = Debug|Any CPU
		Release|Any CPU = Release|Any CPU
	EndGlobalSection
	GlobalSection(ProjectConfigurationPlatforms) = postSolution
		{61821AE2-75C7-42E6-A61E-DA597A66DB8A}.Debug|Any CPU.ActiveCfg = Debug|Any CPU
		{61821AE2-75C7-42E6-A61E-DA597A66DB8A}.Debug|Any CPU.Build.0 = Debug|Any CPU
		{61821AE2-75C7-42E6-A61E-DA597A66DB8A}.Release|Any CPU.ActiveCfg = Release|Any CPU
		{61821AE2-75C7-42E6-A61E-DA597A66DB8A}.Release|Any CPU.Build.0 = Release|Any CPU
	EndGlobalSection
	GlobalSection(SolutionProperties) = preSolution
		HideSolutionNode = FALSE
	EndGlobalSection
	GlobalSection(ExtensibilityGlobals) = postSolution
		SolutionGuid = {E8FA330A-0A90-445A-89F8-D75591AFA545}
	EndGlobalSection
EndGlobal
